{
  "version": 4,
  "terraform_version": "1.3.6",
  "serial": 22,
  "lineage": "7ea22372-feaa-3023-dee9-80e48031843c",
  "outputs": {},
  "resources": [
    {
      "mode": "managed",
      "type": "azurerm_container_group",
      "name": "example1",
      "provider": "provider[\"registry.terraform.io/hashicorp/azurerm\"]",
      "instances": [
        {
          "schema_version": 0,
          "attributes": {
            "container": [
              {
                "commands": [],
                "cpu": 0.5,
                "cpu_limit": 0,
                "environment_variables": null,
                "gpu": [],
                "gpu_limit": [],
                "image": "mcr.microsoft.com/mcr/hello-world",
                "liveness_probe": [],
                "memory": 1.5,
                "memory_limit": 0,
                "name": "hello-world",
                "ports": [
                  {
                    "port": 443,
                    "protocol": "TCP"
                  }
                ],
                "readiness_probe": [],
                "secure_environment_variables": null,
                "security": [],
                "volume": []
              }
            ],
            "diagnostics": [],
            "dns_config": [],
            "dns_name_label": "aci-label123",
            "dns_name_label_reuse_policy": "Unsecure",
            "exposed_port": [
              {
                "port": 443,
                "protocol": "TCP"
              }
            ],
            "fqdn": "aci-label123.westeurope.azurecontainer.io",
            "id": "/subscriptions/87351cb7-736d-44eb-b353-55803012624c/resourceGroups/example-resources/providers/Microsoft.ContainerInstance/containerGroups/example-continst",
            "identity": [],
            "image_registry_credential": [],
            "init_container": [],
            "ip_address": "108.141.65.129",
            "ip_address_type": "Public",
            "key_vault_key_id": null,
            "key_vault_user_assigned_identity_id": null,
            "location": "westeurope",
            "name": "example-continst",
            "network_profile_id": null,
            "os_type": "Linux",
            "priority": "",
            "resource_group_name": "example-resources",
            "restart_policy": "Always",
            "sku": "Standard",
            "subnet_ids": null,
            "tags": {
              "environment": "testing"
            },
            "timeouts": null,
            "zones": null
          },
          "sensitive_attributes": [],
          "private": "eyJlMmJmYjczMC1lY2FhLTExZTYtOGY4OC0zNDM2M2JjN2M0YzAiOnsiY3JlYXRlIjozNjAwMDAwMDAwMDAwLCJkZWxldGUiOjE4MDAwMDAwMDAwMDAsInJlYWQiOjMwMDAwMDAwMDAwMCwidXBkYXRlIjoxODAwMDAwMDAwMDAwfX0=",
          "dependencies": [
            "azurerm_resource_group.example"
          ]
        }
      ]
    },
    {
      "mode": "managed",
      "type": "azurerm_resource_group",
      "name": "example",
      "provider": "provider[\"registry.terraform.io/hashicorp/azurerm\"]",
      "instances": [
        {
          "schema_version": 0,
          "attributes": {
            "id": "/subscriptions/87351cb7-736d-44eb-b353-55803012624c/resourceGroups/example-resources",
            "location": "westeurope",
            "managed_by": "",
            "name": "example-resources",
            "tags": {},
            "timeouts": null
          },
          "sensitive_attributes": [],
          "private": "eyJlMmJmYjczMC1lY2FhLTExZTYtOGY4OC0zNDM2M2JjN2M0YzAiOnsiY3JlYXRlIjo1NDAwMDAwMDAwMDAwLCJkZWxldGUiOjU0MDAwMDAwMDAwMDAsInJlYWQiOjMwMDAwMDAwMDAwMCwidXBkYXRlIjo1NDAwMDAwMDAwMDAwfX0="
        }
      ]
    }
  ],
  "check_results": null
}
